
Microsoft Visual Studio Solution File, Format Version 12.00
# Visual Studio Version 17
VisualStudioVersion = 17.2.32630.192
MinimumVisualStudioVersion = 10.0.40219.1
Project("{FAE04EC0-301F-11D3-BF4B-00C04F79EFBC}") = "ZipReader04", "ZipReader04\ZipReader04.csproj", "{89B0BB22-84BE-4E4F-B389-6D305F761D94}"
EndProject
Global
	GlobalSection(SolutionConfigurationPlatforms) = preSolution
		Debug|Any CPU = Debug|Any CPU
		Release|Any CPU = Release|Any CPU
	EndGlobalSection
	GlobalSection(ProjectConfigurationPlatforms) = postSolution
		{89B0BB22-84BE-4E4F-B389-6D305F761D94}.Debug|Any CPU.ActiveCfg = Debug|Any CPU
		{89B0BB22-84BE-4E4F-B389-6D305F761D94}.Debug|Any CPU.Build.0 = Debug|Any CPU
		{89B0BB22-84BE-4E4F-B389-6D305F761D94}.Release|Any CPU.ActiveCfg = Release|Any CPU
		{89B0BB22-84BE-4E4F-B389-6D305F761D94}.Release|Any CPU.Build.0 = Release|Any CPU
	EndGlobalSection
	GlobalSection(SolutionProperties) = preSolution
		HideSolutionNode = FALSE
	EndGlobalSection
	GlobalSection(ExtensibilityGlobals) = postSolution
		SolutionGuid = {B5E94369-F6CB-424D-89DE-A5DAE2753975}
	EndGlobalSection
EndGlobal
